// !$*UTF8*$!
{
	archiveVersion = 1;
	classes = {
	};
	objectVersion = 46;
	objects = {

/* Begin PBXBuildFile section */
		AC3F8E591E551DE500492154 /* Constants.swift in Sources */ = {isa = PBXBuildFile; fileRef = AC3F8E581E551DE500492154 /* Constants.swift */; };
		AC7EAC161E5CE435008B874A /* NumberValueFormatter.swift in Sources */ = {isa = PBXBuildFile; fileRef = AC7EAC151E5CE435008B874A /* NumberValueFormatter.swift */; };
		ACE7DCDC1DB621C6005D3E9F /* AppDelegate.swift in Sources */ = {isa = PBXBuildFile; fileRef = ACE7DCDB1DB621C6005D3E9F /* AppDelegate.swift */; };
		ACE7DCDE1DB621C6005D3E9F /* ViewController.swift in Sources */ = {isa = PBXBuildFile; fileRef = ACE7DCDD1DB621C6005D3E9F /* ViewController.swift */; };
		ACE7DCE01DB621C6005D3E9F /* Assets.xcassets in Resources */ = {isa = PBXBuildFile; fileRef = ACE7DCDF1DB621C6005D3E9F /* Assets.xcassets */; };
		ACE7DCE31DB621C6005D3E9F /* Main.storyboard in Resources */ = {isa = PBXBuildFile; fileRef = ACE7DCE11DB621C6005D3E9F /* Main.storyboard */; };
		ACFB6B4F1DEA2FFE00DECFB7 /* PreferencesMenu.swift in Sources */ = {isa = PBXBuildFile; fileRef = ACFB6B4E1DEA2FFE00DECFB7 /* PreferencesMenu.swift */; };
/* End PBXBuildFile section */

/* Begin PBXFileReference section */
		AC3F8E581E551DE500492154 /* Constants.swift */ = {isa = PBXFileReference; fileEncoding = 4; lastKnownFileType = sourcecode.swift; path = Constants.swift; sourceTree = "<group>"; };
		AC7EAC151E5CE435008B874A /* NumberValueFormatter.swift */ = {isa = PBXFileReference; fileEncoding = 4; lastKnownFileType = sourcecode.swift; path = NumberValueFormatter.swift; sourceTree = "<group>"; };
		ACE7DCD81DB621C5005D3E9F /* Gross-Net Calculator.app */ = {isa = PBXFileReference; explicitFileType = wrapper.application; includeInIndex = 0; path = "Gross-Net Calculator.app"; sourceTree = BUILT_PRODUCTS_DIR; };
		ACE7DCDB1DB621C6005D3E9F /* AppDelegate.swift */ = {isa = PBXFileReference; lastKnownFileType = sourcecode.swift; path = AppDelegate.swift; sourceTree = "<group>"; };
		ACE7DCDD1DB621C6005D3E9F /* ViewController.swift */ = {isa = PBXFileReference; lastKnownFileType = sourcecode.swift; path = ViewController.swift; sourceTree = "<group>"; };
		ACE7DCDF1DB621C6005D3E9F /* Assets.xcassets */ = {isa = PBXFileReference; lastKnownFileType = folder.assetcatalog; path = Assets.xcassets; sourceTree = "<group>"; };
		ACE7DCE21DB621C6005D3E9F /* Base */ = {isa = PBXFileReference; lastKnownFileType = file.storyboard; name = Base; path = Base.lproj/Main.storyboard; sourceTree = "<group>"; };
		ACE7DCE41DB621C6005D3E9F /* Info.plist */ = {isa = PBXFileReference; lastKnownFileType = text.plist.xml; path = Info.plist; sourceTree = "<group>"; };
		ACFB6B4E1DEA2FFE00DECFB7 /* PreferencesMenu.swift */ = {isa = PBXFileReference; fileEncoding = 4; lastKnownFileType = sourcecode.swift; path = PreferencesMenu.swift; sourceTree = "<group>"; };
/* End PBXFileReference section */

/* Begin PBXFrameworksBuildPhase section */
		ACE7DCD51DB621C5005D3E9F /* Frameworks */ = {
			isa = PBXFrameworksBuildPhase;
			buildActionMask = 2147483647;
			files = (
			);
			runOnlyForDeploymentPostprocessing = 0;
		};
/* End PBXFrameworksBuildPhase section */

/* Begin PBXGroup section */
		ACE7DCCF1DB621C5005D3E9F = {
			isa = PBXGroup;
			children = (
				ACE7DCDA1DB621C5005D3E9F /* Gross-Net Calculator */,
				ACE7DCD91DB621C5005D3E9F /* Products */,
			);
			sourceTree = "<group>";
		};
		ACE7DCD91DB621C5005D3E9F /* Products */ = {
			isa = PBXGroup;
			children = (
				ACE7DCD81DB621C5005D3E9F /* Gross-Net Calculator.app */,
			);
			name = Products;
			sourceTree = "<group>";
		};
		ACE7DCDA1DB621C5005D3E9F /* Gross-Net Calculator */ = {
			isa = PBXGroup;
			children = (
				ACE7DCDB1DB621C6005D3E9F /* AppDelegate.swift */,
				ACE7DCDD1DB621C6005D3E9F /* ViewController.swift */,
				AC7EAC151E5CE435008B874A /* NumberValueFormatter.swift */,
				AC3F8E581E551DE500492154 /* Constants.swift */,
				ACFB6B4E1DEA2FFE00DECFB7 /* PreferencesMenu.swift */,
				ACE7DCDF1DB621C6005D3E9F /* Assets.xcassets */,
				ACE7DCE11DB621C6005D3E9F /* Main.storyboard */,
				ACE7DCE41DB621C6005D3E9F /* Info.plist */,
			);
			path = "Gross-Net Calculator";
			sourceTree = "<group>";
		};
/* End PBXGroup section */

/* Begin PBXNativeTarget section */
		ACE7DCD71DB621C5005D3E9F /* Gross-Net Calculator */ = {
			isa = PBXNativeTarget;
			buildConfigurationList = ACE7DCE71DB621C6005D3E9F /* Build configuration list for PBXNativeTarget "Gross-Net Calculator" */;
			buildPhases = (
				ACE7DCD41DB621C5005D3E9F /* Sources */,
				ACE7DCD51DB621C5005D3E9F /* Frameworks */,
				ACE7DCD61DB621C5005D3E9F /* Resources */,
			);
			buildRules = (
			);
			dependencies = (
			);
			name = "Gross-Net Calculator";
			productName = "Gross-Net Calculator";
			productReference = ACE7DCD81DB621C5005D3E9F /* Gross-Net Calculator.app */;
			productType = "com.apple.product-type.application";
		};
/* End PBXNativeTarget section */

/* Begin PBXProject section */
		ACE7DCD01DB621C5005D3E9F /* Project object */ = {
			isa = PBXProject;
			attributes = {
				LastSwiftUpdateCheck = 0800;
				LastUpgradeCheck = 0820;
				ORGANIZATIONNAME = "Horváth Balázs";
				TargetAttributes = {
					ACE7DCD71DB621C5005D3E9F = {
						CreatedOnToolsVersion = 8.0;
						ProvisioningStyle = Automatic;
					};
				};
			};
			buildConfigurationList = ACE7DCD31DB621C5005D3E9F /* Build configuration list for PBXProject "Gross-Net Calculator" */;
			compatibilityVersion = "Xcode 3.2";
			developmentRegion = English;
			hasScannedForEncodings = 0;
			knownRegions = (
				en,
				Base,
			);
			mainGroup = ACE7DCCF1DB621C5005D3E9F;
			productRefGroup = ACE7DCD91DB621C5005D3E9F /* Products */;
			projectDirPath = "";
			projectRoot = "";
			targets = (
				ACE7DCD71DB621C5005D3E9F /* Gross-Net Calculator */,
			);
		};
/* End PBXProject section */

/* Begin PBXResourcesBuildPhase section */
		ACE7DCD61DB621C5005D3E9F /* Resources */ = {
			isa = PBXResourcesBuildPhase;
			buildActionMask = 2147483647;
			files = (
				ACE7DCE01DB621C6005D3E9F /* Assets.xcassets in Resources */,
				ACE7DCE31DB621C6005D3E9F /* Main.storyboard in Resources */,
			);
			runOnlyForDeploymentPostprocessing = 0;
		};
/* End PBXResourcesBuildPhase section */

/* Begin PBXSourcesBuildPhase section */
		ACE7DCD41DB621C5005D3E9F /* Sources */ = {
			isa = PBXSourcesBuildPhase;
			buildActionMask = 2147483647;
			files = (
				ACE7DCDE1DB621C6005D3E9F /* ViewController.swift in Sources */,
				ACE7DCDC1DB621C6005D3E9F /* AppDelegate.swift in Sources */,
				ACFB6B4F1DEA2FFE00DECFB7 /* PreferencesMenu.swift in Sources */,
				AC7EAC161E5CE435008B874A /* NumberValueFormatter.swift in Sources */,
				AC3F8E591E551DE500492154 /* Constants.swift in Sources */,
			);
			runOnlyForDeploymentPostprocessing = 0;
		};
/* End PBXSourcesBuildPhase section */

/* Begin PBXVariantGroup section */
		ACE7DCE11DB621C6005D3E9F /* Main.storyboard */ = {
			isa = PBXVariantGroup;
			children = (
				ACE7DCE21DB621C6005D3E9F /* Base */,
			);
			name = Main.storyboard;
			sourceTree = "<group>";
		};
/* End PBXVariantGroup section */

/* Begin XCBuildConfiguration section */
		ACE7DCE51DB621C6005D3E9F /* Debug */ = {
			isa = XCBuildConfiguration;
			buildSettings = {
				ALWAYS_SEARCH_USER_PATHS = NO;
				CLANG_ANALYZER_NONNULL = YES;
				CLANG_CXX_LANGUAGE_STANDARD = "gnu++0x";
				CLANG_CXX_LIBRARY = "libc++";
				CLANG_ENABLE_MODULES = YES;
				CLANG_ENABLE_OBJC_ARC = YES;
				CLANG_WARN_BOOL_CONVERSION = YES;
				CLANG_WARN_CONSTANT_CONVERSION = YES;
				CLANG_WARN_DIRECT_OBJC_ISA_USAGE = YES_ERROR;
				CLANG_WARN_DOCUMENTATION_COMMENTS = YES;
				CLANG_WARN_EMPTY_BODY = YES;
				CLANG_WARN_ENUM_CONVERSION = YES;
				CLANG_WARN_INFINITE_RECURSION = YES;
				CLANG_WARN_INT_CONVERSION = YES;
				CLANG_WARN_OBJC_ROOT_CLASS = YES_ERROR;
				CLANG_WARN_SUSPICIOUS_MOVE = YES;
				CLANG_WARN_SUSPICIOUS_MOVES = YES;
				CLANG_WARN_UNREACHABLE_CODE = YES;
				CLANG_WARN__DUPLICATE_METHOD_MATCH = YES;
				CODE_SIGN_IDENTITY = "-";
				COPY_PHASE_STRIP = NO;
				DEBUG_INFORMATION_FORMAT = dwarf;
				ENABLE_STRICT_OBJC_MSGSEND = YES;
				ENABLE_TESTABILITY = YES;
				GCC_C_LANGUAGE_STANDARD = gnu99;
				GCC_DYNAMIC_NO_PIC = NO;
				GCC_NO_COMMON_BLOCKS = YES;
				GCC_OPTIMIZATION_LEVEL = 0;
				GCC_PREPROCESSOR_DEFINITIONS = (
					"DEBUG=1",
					"$(inherited)",
				);
				GCC_WARN_64_TO_32_BIT_CONVERSION = YES;
				GCC_WARN_ABOUT_RETURN_TYPE = YES_ERROR;
				GCC_WARN_UNDECLARED_SELECTOR = YES;
				GCC_WARN_UNINITIALIZED_AUTOS = YES_AGGRESSIVE;
				GCC_WARN_UNUSED_FUNCTION = YES;
				GCC_WARN_UNUSED_VARIABLE = YES;
				MACOSX_DEPLOYMENT_TARGET = 10.12;
				MTL_ENABLE_DEBUG_INFO = YES;
				ONLY_ACTIVE_ARCH = YES;
				SDKROOT = macosx;
				SWIFT_ACTIVE_COMPILATION_CONDITIONS = DEBUG;
				SWIFT_OPTIMIZATION_LEVEL = "-Onone";
			};
			name = Debug;
		};
		ACE7DCE61DB621C6005D3E9F /* Release */ = {
			isa = XCBuildConfiguration;
			buildSettings = {
				ALWAYS_SEARCH_USER_PATHS = NO;
				CLANG_ANALYZER_NONNULL = YES;
				CLANG_CXX_LANGUAGE_STANDARD = "gnu++0x";
				CLANG_CXX_LIBRARY = "libc++";
				CLANG_ENABLE_MODULES = YES;
				CLANG_ENABLE_OBJC_ARC = YES;
				CLANG_WARN_BOOL_CONVERSION = YES;
				CLANG_WARN_CONSTANT_CONVERSION = YES;
				CLANG_WARN_DIRECT_OBJC_ISA_USAGE = YES_ERROR;
				CLANG_WARN_DOCUMENTATION_COMMENTS = YES;
				CLANG_WARN_EMPTY_BODY = YES;
				CLANG_WARN_ENUM_CONVERSION = YES;
				CLANG_WARN_INFINITE_RECURSION = YES;
				CLANG_WARN_INT_CONVERSION = YES;
				CLANG_WARN_OBJC_ROOT_CLASS = YES_ERROR;
				CLANG_WARN_SUSPICIOUS_MOVE = YES;
				CLANG_WARN_SUSPICIOUS_MOVES = YES;
				CLANG_WARN_UNREACHABLE_CODE = YES;
				CLANG_WARN__DUPLICATE_METHOD_MATCH = YES;
				CODE_SIGN_IDENTITY = "-";
				COPY_PHASE_STRIP = NO;
				DEBUG_INFORMATION_FORMAT = "dwarf-with-dsym";
				ENABLE_NS_ASSERTIONS = NO;
				ENABLE_STRICT_OBJC_MSGSEND = YES;
				GCC_C_LANGUAGE_STANDARD = gnu99;
				GCC_NO_COMMON_BLOCKS = YES;
				GCC_WARN_64_TO_32_BIT_CONVERSION = YES;
				GCC_WARN_ABOUT_RETURN_TYPE = YES_ERROR;
				GCC_WARN_UNDECLARED_SELECTOR = YES;
				GCC_WARN_UNINITIALIZED_AUTOS = YES_AGGRESSIVE;
				GCC_WARN_UNUSED_FUNCTION = YES;
				GCC_WARN_UNUSED_VARIABLE = YES;
				MACOSX_DEPLOYMENT_TARGET = 10.12;
				MTL_ENABLE_DEBUG_INFO = NO;
				SDKROOT = macosx;
				SWIFT_OPTIMIZATION_LEVEL = "-Owholemodule";
			};
			name = Release;
		};
		ACE7DCE81DB621C6005D3E9F /* Debug */ = {
			isa = XCBuildConfiguration;
			buildSettings = {
				ASSETCATALOG_COMPILER_APPICON_NAME = AppIcon;
				COMBINE_HIDPI_IMAGES = YES;
				INFOPLIST_FILE = "Gross-Net Calculator/Info.plist";
				LD_RUNPATH_SEARCH_PATHS = "$(inherited) @executable_path/../Frameworks";
				PRODUCT_BUNDLE_IDENTIFIER = "balazs630.Gross-Net-Calculator";
				PRODUCT_NAME = "$(TARGET_NAME)";
				SWIFT_VERSION = 3.0;
			};
			name = Debug;
		};
		ACE7DCE91DB621C6005D3E9F /* Release */ = {
			isa = XCBuildConfiguration;
			buildSettings = {
				ASSETCATALOG_COMPILER_APPICON_NAME = AppIcon;
				COMBINE_HIDPI_IMAGES = YES;
				INFOPLIST_FILE = "Gross-Net Calculator/Info.plist";
				LD_RUNPATH_SEARCH_PATHS = "$(inherited) @executable_path/../Frameworks";
				PRODUCT_BUNDLE_IDENTIFIER = "balazs630.Gross-Net-Calculator";
				PRODUCT_NAME = "$(TARGET_NAME)";
				SWIFT_VERSION = 3.0;
			};
			name = Release;
		};
/* End XCBuildConfiguration section */

/* Begin XCConfigurationList section */
		ACE7DCD31DB621C5005D3E9F /* Build configuration list for PBXProject "Gross-Net Calculator" */ = {
			isa = XCConfigurationList;
			buildConfigurations = (
				ACE7DCE51DB621C6005D3E9F /* Debug */,
				ACE7DCE61DB621C6005D3E9F /* Release */,
			);
			defaultConfigurationIsVisible = 0;
			defaultConfigurationName = Release;
		};
		ACE7DCE71DB621C6005D3E9F /* Build configuration list for PBXNativeTarget "Gross-Net Calculator" */ = {
			isa = XCConfigurationList;
			buildConfigurations = (
				ACE7DCE81DB621C6005D3E9F /* Debug */,
				ACE7DCE91DB621C6005D3E9F /* Release */,
			);
			defaultConfigurationIsVisible = 0;
			defaultConfigurationName = Release;
		};
/* End XCConfigurationList section */
	};
	rootObject = ACE7DCD01DB621C5005D3E9F /* Project object */;
}
